# This file is @generated by PDM.
# It is not intended for manual editing.

[metadata]
groups = ["default"]
strategy = ["inherit_metadata"]
lock_version = "4.5.0"
content_hash = "sha256:0817abc20246639b6969ec53b6c44bce32f3a641ee23ee138f8f3e374175ec1b"

[[metadata.targets]]
requires_python = "~=3.9"
